
Microsoft Visual Studio Solution File, Format Version 12.00
# Visual Studio Version 17
VisualStudioVersion = 17.4.33110.190
MinimumVisualStudioVersion = 10.0.40219.1
Project("{FAE04EC0-301F-11D3-BF4B-00C04F79EFBC}") = "Figuras", "Figuras\Figuras.csproj", "{53AD7618-6DBD-4B68-9076-AB84BF4CF2D9}"
EndProject
Global
	GlobalSection(SolutionConfigurationPlatforms) = preSolution
		Debug|Any CPU = Debug|Any CPU
		Release|Any CPU = Release|Any CPU
	EndGlobalSection
	GlobalSection(ProjectConfigurationPlatforms) = postSolution
		{53AD7618-6DBD-4B68-9076-AB84BF4CF2D9}.Debug|Any CPU.ActiveCfg = Debug|Any CPU
		{53AD7618-6DBD-4B68-9076-AB84BF4CF2D9}.Debug|Any CPU.Build.0 = Debug|Any CPU
		{53AD7618-6DBD-4B68-9076-AB84BF4CF2D9}.Release|Any CPU.ActiveCfg = Release|Any CPU
		{53AD7618-6DBD-4B68-9076-AB84BF4CF2D9}.Release|Any CPU.Build.0 = Release|Any CPU
	EndGlobalSection
	GlobalSection(SolutionProperties) = preSolution
		HideSolutionNode = FALSE
	EndGlobalSection
	GlobalSection(ExtensibilityGlobals) = postSolution
		SolutionGuid = {E57A3D59-7BD4-4F64-B5AF-8E758804356D}
	EndGlobalSection
EndGlobal
